
Microsoft Visual Studio Solution File, Format Version 12.00
# Visual Studio 2015
Project("{FAE04EC0-301F-11D3-BF4B-00C04F79EFBC}") = "thunderbird.Plugins", "thunderbird.Plugins.csproj", "{2422C1FB-2B83-5DB4-0F9A-23157F39B750}"
EndProject
Project("{FAE04EC0-301F-11D3-BF4B-00C04F79EFBC}") = "thunderbird", "thunderbird.csproj", "{2FC7AA22-9890-C538-1076-3F6A8C50B5B8}"
EndProject
Project("{FAE04EC0-301F-11D3-BF4B-00C04F79EFBC}") = "thunderbird.Editor.Plugins", "thunderbird.Editor.Plugins.csproj", "{21D1233F-FD24-C4A3-FF0B-5059EED3E648}"
EndProject
Global
	GlobalSection(SolutionConfigurationPlatforms) = preSolution
		Debug|Any CPU = Debug|Any CPU
		Release|Any CPU = Release|Any CPU
	EndGlobalSection
	GlobalSection(ProjectConfigurationPlatforms) = postSolution
		{2422C1FB-2B83-5DB4-0F9A-23157F39B750}.Debug|Any CPU.ActiveCfg = Debug|Any CPU
		{2422C1FB-2B83-5DB4-0F9A-23157F39B750}.Debug|Any CPU.Build.0 = Debug|Any CPU
		{2422C1FB-2B83-5DB4-0F9A-23157F39B750}.Release|Any CPU.ActiveCfg = Release|Any CPU
		{2422C1FB-2B83-5DB4-0F9A-23157F39B750}.Release|Any CPU.Build.0 = Release|Any CPU
		{2FC7AA22-9890-C538-1076-3F6A8C50B5B8}.Debug|Any CPU.ActiveCfg = Debug|Any CPU
		{2FC7AA22-9890-C538-1076-3F6A8C50B5B8}.Debug|Any CPU.Build.0 = Debug|Any CPU
		{2FC7AA22-9890-C538-1076-3F6A8C50B5B8}.Release|Any CPU.ActiveCfg = Release|Any CPU
		{2FC7AA22-9890-C538-1076-3F6A8C50B5B8}.Release|Any CPU.Build.0 = Release|Any CPU
		{21D1233F-FD24-C4A3-FF0B-5059EED3E648}.Debug|Any CPU.ActiveCfg = Debug|Any CPU
		{21D1233F-FD24-C4A3-FF0B-5059EED3E648}.Debug|Any CPU.Build.0 = Debug|Any CPU
		{21D1233F-FD24-C4A3-FF0B-5059EED3E648}.Release|Any CPU.ActiveCfg = Release|Any CPU
		{21D1233F-FD24-C4A3-FF0B-5059EED3E648}.Release|Any CPU.Build.0 = Release|Any CPU
	EndGlobalSection
	GlobalSection(SolutionProperties) = preSolution
		HideSolutionNode = FALSE
	EndGlobalSection
EndGlobal
